{
  "nodes": {
    "flake-utils": {
      "locked": {
        "lastModified": 1652776076,
        "narHash": "sha256-gzTw/v1vj4dOVbpBSJX4J0DwUR6LIyXo7/SuuTJp1kM=",
        "owner": "numtide",
        "repo": "flake-utils",
        "rev": "04c1b180862888302ddfb2e3ad9eaa63afc60cf8",
        "type": "github"
      },
      "original": {
        "owner": "numtide",
        "ref": "v1.0.0",
        "repo": "flake-utils",
        "type": "github"
      }
    },
    "nixos": {
      "locked": {
        "lastModified": 1701282334,
        "narHash": "sha256-MxCVrXY6v4QmfTwIysjjaX0XUhqBbxTWWB4HXtDYsdk=",
        "owner": "NixOS",
        "repo": "nixpkgs",
        "rev": "057f9aecfb71c4437d2b27d3323df7f93c010b7e",
        "type": "github"
      },
      "original": {
        "owner": "NixOS",
        "ref": "23.11",
        "repo": "nixpkgs",
        "type": "github"
      }
    },
    "pythoneda-shared-git-shared": {
      "inputs": {
        "flake-utils": [
          "flake-utils"
        ],
        "nixos": [
          "nixos"
        ],
        "pythoneda-shared-pythonlang-banner": [
          "pythoneda-shared-pythonlang-banner"
        ],
        "pythoneda-shared-pythonlang-domain": [
          "pythoneda-shared-pythonlang-domain"
        ],
        "pythoneda-shared-pythonlang-shell": "pythoneda-shared-pythonlang-shell"
      },
      "locked": {
        "lastModified": 1707646633,
        "narHash": "sha256-ham3GHjGENQ/HlljKyB7dTsbZ2l9gVC7hC86nLa23vI=",
        "owner": "pythoneda-shared-git-def",
        "repo": "shared",
        "rev": "5326684e73188da8476c4723c4815b907ebb87f8",
        "type": "github"
      },
      "original": {
        "owner": "pythoneda-shared-git-def",
        "ref": "0.0.41",
        "repo": "shared",
        "type": "github"
      }
    },
    "pythoneda-shared-pythonlang-banner": {
      "inputs": {
        "flake-utils": [
          "flake-utils"
        ],
        "nixos": [
          "nixos"
        ]
      },
      "locked": {
        "lastModified": 1707394777,
        "narHash": "sha256-/LWkKDoOh6751ULtZJq6izDwnu3RnGscki3ewbs0Sds=",
        "owner": "pythoneda-shared-pythonlang-def",
        "repo": "banner",
        "rev": "440ab4e7894ea0706e5004ddb8c294a0f8f02e78",
        "type": "github"
      },
      "original": {
        "owner": "pythoneda-shared-pythonlang-def",
        "ref": "0.0.49",
        "repo": "banner",
        "type": "github"
      }
    },
    "pythoneda-shared-pythonlang-domain": {
      "inputs": {
        "flake-utils": [
          "pythoneda-shared-git-shared",
          "pythoneda-shared-pythonlang-shell",
          "flake-utils"
        ],
        "nixos": [
          "pythoneda-shared-git-shared",
          "pythoneda-shared-pythonlang-shell",
          "nixos"
        ],
        "pythoneda-shared-pythonlang-banner": [
          "pythoneda-shared-git-shared",
          "pythoneda-shared-pythonlang-shell",
          "pythoneda-shared-pythonlang-banner"
        ]
      },
      "locked": {
        "lastModified": 1707646223,
        "narHash": "sha256-JTQMbsPPVMp7DueAeYY+IUNYV7JJKZs6swlYpOx48YE=",
        "owner": "pythoneda-shared-pythonlang-def",
        "repo": "domain",
        "rev": "a1a7be0753dafcd1dae1b83a855e03e78571fb48",
        "type": "github"
      },
      "original": {
        "owner": "pythoneda-shared-pythonlang-def",
        "ref": "0.0.37",
        "repo": "domain",
        "type": "github"
      }
    },
    "pythoneda-shared-pythonlang-domain_2": {
      "inputs": {
        "flake-utils": [
          "flake-utils"
        ],
        "nixos": [
          "nixos"
        ],
        "pythoneda-shared-pythonlang-banner": [
          "pythoneda-shared-pythonlang-banner"
        ]
      },
      "locked": {
        "lastModified": 1707646223,
        "narHash": "sha256-JTQMbsPPVMp7DueAeYY+IUNYV7JJKZs6swlYpOx48YE=",
        "owner": "pythoneda-shared-pythonlang-def",
        "repo": "domain",
        "rev": "a1a7be0753dafcd1dae1b83a855e03e78571fb48",
        "type": "github"
      },
      "original": {
        "owner": "pythoneda-shared-pythonlang-def",
        "ref": "0.0.37",
        "repo": "domain",
        "type": "github"
      }
    },
    "pythoneda-shared-pythonlang-shell": {
      "inputs": {
        "flake-utils": [
          "pythoneda-shared-git-shared",
          "flake-utils"
        ],
        "nixos": [
          "pythoneda-shared-git-shared",
          "nixos"
        ],
        "pythoneda-shared-pythonlang-banner": [
          "pythoneda-shared-git-shared",
          "pythoneda-shared-pythonlang-banner"
        ],
        "pythoneda-shared-pythonlang-domain": "pythoneda-shared-pythonlang-domain"
      },
      "locked": {
        "lastModified": 1707646602,
        "narHash": "sha256-3W3DrtD55m218HWPb/W9yU3PwmiDFPK1nVZdREEg6eY=",
        "owner": "pythoneda-shared-pythonlang-def",
        "repo": "shell",
        "rev": "3dada1f303570ebe1631c5b60e0d4074619c5110",
        "type": "github"
      },
      "original": {
        "owner": "pythoneda-shared-pythonlang-def",
        "ref": "0.0.8",
        "repo": "shell",
        "type": "github"
      }
    },
    "root": {
      "inputs": {
        "flake-utils": "flake-utils",
        "nixos": "nixos",
        "pythoneda-shared-git-shared": "pythoneda-shared-git-shared",
        "pythoneda-shared-pythonlang-banner": "pythoneda-shared-pythonlang-banner",
        "pythoneda-shared-pythonlang-domain": "pythoneda-shared-pythonlang-domain_2",
        "stringtemplate3": "stringtemplate3"
      }
    },
    "stringtemplate3": {
      "inputs": {
        "flake-utils": [
          "flake-utils"
        ],
        "nixos": [
          "nixos"
        ]
      },
      "locked": {
        "dir": "stringtemplate3",
        "lastModified": 1695028695,
        "narHash": "sha256-nEyAQq8IJ8Cn8Rnf0jOqfhQ9ya6qtbmf5vuhsDN+KKw=",
        "owner": "rydnr",
        "repo": "nix-flakes",
        "rev": "81e0f7168b7d949c1e1f85897645cba7be7f325c",
        "type": "github"
      },
      "original": {
        "dir": "stringtemplate3",
        "owner": "rydnr",
        "ref": "stringtemplate3-3.1",
        "repo": "nix-flakes",
        "type": "github"
      }
    }
  },
  "root": "root",
  "version": 7
}
